
Microsoft Visual Studio Solution File, Format Version 12.00
# Visual Studio Version 16
VisualStudioVersion = 16.0.31321.278
MinimumVisualStudioVersion = 10.0.40219.1
Project("{FAE04EC0-301F-11D3-BF4B-00C04F79EFBC}") = "Operators_Upton_Zach", "Operators_Upton_Zach\Operators_Upton_Zach.csproj", "{2F32A915-CF05-4815-BA3A-07B2ACCC8CBC}"
EndProject
Global
	GlobalSection(SolutionConfigurationPlatforms) = preSolution
		Debug|Any CPU = Debug|Any CPU
		Release|Any CPU = Release|Any CPU
	EndGlobalSection
	GlobalSection(ProjectConfigurationPlatforms) = postSolution
		{2F32A915-CF05-4815-BA3A-07B2ACCC8CBC}.Debug|Any CPU.ActiveCfg = Debug|Any CPU
		{2F32A915-CF05-4815-BA3A-07B2ACCC8CBC}.Debug|Any CPU.Build.0 = Debug|Any CPU
		{2F32A915-CF05-4815-BA3A-07B2ACCC8CBC}.Release|Any CPU.ActiveCfg = Release|Any CPU
		{2F32A915-CF05-4815-BA3A-07B2ACCC8CBC}.Release|Any CPU.Build.0 = Release|Any CPU
	EndGlobalSection
	GlobalSection(SolutionProperties) = preSolution
		HideSolutionNode = FALSE
	EndGlobalSection
	GlobalSection(ExtensibilityGlobals) = postSolution
		SolutionGuid = {52A7F736-95EB-4152-BA3F-D51CAD49FA88}
	EndGlobalSection
EndGlobal
